// !$*UTF8*$!
{
	archiveVersion = 1;
	classes = {
	};
	objectVersion = 51;
	objects = {

/* Begin PBXBuildFile section */
		082E57436917D7A1CD7BFA92 /* Pods_BitTraderWidgetExtensionExtension.framework in Frameworks */ = {isa = PBXBuildFile; fileRef = 8F08837EF3511DA772A60652 /* Pods_BitTraderWidgetExtensionExtension.framework */; };
		4F1EC0A15F5C24E635D322A2 /* Pods_BitTrader.framework in Frameworks */ = {isa = PBXBuildFile; fileRef = 43A8014364B7587EBC1476A3 /* Pods_BitTrader.framework */; };
		6E4566DB24728236001C8D8C /* BSTicker.swift in Sources */ = {isa = PBXBuildFile; fileRef = 6E4566DA24728236001C8D8C /* BSTicker.swift */; };
		6E4566E2247294F5001C8D8C /* BSOrderBook.swift in Sources */ = {isa = PBXBuildFile; fileRef = 6E4566E1247294F5001C8D8C /* BSOrderBook.swift */; };
		6E4566E424729C65001C8D8C /* BSTransactionsHistory.swift in Sources */ = {isa = PBXBuildFile; fileRef = 6E4566E324729C65001C8D8C /* BSTransactionsHistory.swift */; };
		6E4566E624729E81001C8D8C /* NetworkService.swift in Sources */ = {isa = PBXBuildFile; fileRef = 6E4566E524729E81001C8D8C /* NetworkService.swift */; };
		6E4566E82472A12B001C8D8C /* NetworkDataFetcher.swift in Sources */ = {isa = PBXBuildFile; fileRef = 6E4566E72472A12B001C8D8C /* NetworkDataFetcher.swift */; };
		6E4566EA2472A611001C8D8C /* DataFetcherService.swift in Sources */ = {isa = PBXBuildFile; fileRef = 6E4566E92472A611001C8D8C /* DataFetcherService.swift */; };
		6E4566EC2472A9A8001C8D8C /* BSTradingPair.swift in Sources */ = {isa = PBXBuildFile; fileRef = 6E4566EB2472A9A8001C8D8C /* BSTradingPair.swift */; };
		6E4566EE2472AB53001C8D8C /* ConversionRateEurUsd.swift in Sources */ = {isa = PBXBuildFile; fileRef = 6E4566ED2472AB53001C8D8C /* ConversionRateEurUsd.swift */; };
		6E4566F12472B7F4001C8D8C /* DateConvert.swift in Sources */ = {isa = PBXBuildFile; fileRef = 6E4566F02472B7F4001C8D8C /* DateConvert.swift */; };
		6E456726247410E9001C8D8C /* BSTickerHourly.swift in Sources */ = {isa = PBXBuildFile; fileRef = 6E456725247410E9001C8D8C /* BSTickerHourly.swift */; };
		6E45672824752899001C8D8C /* TradingPairsTableViewCell.swift in Sources */ = {isa = PBXBuildFile; fileRef = 6E45672724752899001C8D8C /* TradingPairsTableViewCell.swift */; };
		6E45674C2476A031001C8D8C /* DetailViewController.swift in Sources */ = {isa = PBXBuildFile; fileRef = 6E45674B2476A031001C8D8C /* DetailViewController.swift */; };
		6E4884332461F12800ABD705 /* AppDelegate.swift in Sources */ = {isa = PBXBuildFile; fileRef = 6E4884322461F12800ABD705 /* AppDelegate.swift */; };
		6E4884352461F12800ABD705 /* SceneDelegate.swift in Sources */ = {isa = PBXBuildFile; fileRef = 6E4884342461F12800ABD705 /* SceneDelegate.swift */; };
		6E4884372461F12800ABD705 /* ViewController.swift in Sources */ = {isa = PBXBuildFile; fileRef = 6E4884362461F12800ABD705 /* ViewController.swift */; };
		6E48843A2461F12800ABD705 /* Main.storyboard in Resources */ = {isa = PBXBuildFile; fileRef = 6E4884382461F12800ABD705 /* Main.storyboard */; };
		6E48843C2461F13000ABD705 /* Assets.xcassets in Resources */ = {isa = PBXBuildFile; fileRef = 6E48843B2461F13000ABD705 /* Assets.xcassets */; };
		6E48843F2461F13000ABD705 /* LaunchScreen.storyboard in Resources */ = {isa = PBXBuildFile; fileRef = 6E48843D2461F13000ABD705 /* LaunchScreen.storyboard */; };
		CE276D8A247D09A6009E09D7 /* Date+TIme.swift in Sources */ = {isa = PBXBuildFile; fileRef = CE276D89247D09A6009E09D7 /* Date+TIme.swift */; };
		CE68ADD6265265790009786F /* PairTransaction.swift in Sources */ = {isa = PBXBuildFile; fileRef = CEAF91122651500F00FD0D9B /* PairTransaction.swift */; };
		CE68ADDA265285640009786F /* BSCostOHLC.swift in Sources */ = {isa = PBXBuildFile; fileRef = CE68ADD9265285640009786F /* BSCostOHLC.swift */; };
		CE68ADDB265285640009786F /* BSCostOHLC.swift in Sources */ = {isa = PBXBuildFile; fileRef = CE68ADD9265285640009786F /* BSCostOHLC.swift */; };
		CE68ADDF265293060009786F /* CryptocurrencyView.swift in Sources */ = {isa = PBXBuildFile; fileRef = CE68ADDE265293060009786F /* CryptocurrencyView.swift */; };
		CE9F5A4626542E4D00922160 /* CryptocurrencyListView.swift in Sources */ = {isa = PBXBuildFile; fileRef = CE9F5A4526542E4D00922160 /* CryptocurrencyListView.swift */; };
		CE9F5A4C2654375300922160 /* CryptocurrencySmallItemsView.swift in Sources */ = {isa = PBXBuildFile; fileRef = CE9F5A4B2654375300922160 /* CryptocurrencySmallItemsView.swift */; };
		CE9F5A5026543C4C00922160 /* CryptocurrencySmallRow.swift in Sources */ = {isa = PBXBuildFile; fileRef = CE9F5A4F26543C4C00922160 /* CryptocurrencySmallRow.swift */; };
		CEA0FE7C2473CCF300B8D191 /* BSExchange.swift in Sources */ = {isa = PBXBuildFile; fileRef = CEA0FE7B2473CCF300B8D191 /* BSExchange.swift */; };
		CEA0FE7F2473CF2800B8D191 /* ExchangeProvider.swift in Sources */ = {isa = PBXBuildFile; fileRef = CEA0FE7E2473CF2800B8D191 /* ExchangeProvider.swift */; };
		CEA0FE822473D0A900B8D191 /* BitstampExchangeProvider.swift in Sources */ = {isa = PBXBuildFile; fileRef = CEA0FE812473D0A900B8D191 /* BitstampExchangeProvider.swift */; };
		CEA0FE842473D14D00B8D191 /* Services.swift in Sources */ = {isa = PBXBuildFile; fileRef = CEA0FE832473D14D00B8D191 /* Services.swift */; };
		CEA0FE882473D31A00B8D191 /* TradingPairsListController.swift in Sources */ = {isa = PBXBuildFile; fileRef = CEA0FE872473D31A00B8D191 /* TradingPairsListController.swift */; };
		CEA0FE8B2473D39000B8D191 /* TradingPairListModel.swift in Sources */ = {isa = PBXBuildFile; fileRef = CEA0FE8A2473D39000B8D191 /* TradingPairListModel.swift */; };
		CEA60D8126524F9C00DC0B44 /* Services.swift in Sources */ = {isa = PBXBuildFile; fileRef = CEA0FE832473D14D00B8D191 /* Services.swift */; };
		CEA60D8426524FE200DC0B44 /* DateConvert.swift in Sources */ = {isa = PBXBuildFile; fileRef = 6E4566F02472B7F4001C8D8C /* DateConvert.swift */; };
		CEA60D8726524FEA00DC0B44 /* BitstampExchangeProvider.swift in Sources */ = {isa = PBXBuildFile; fileRef = CEA0FE812473D0A900B8D191 /* BitstampExchangeProvider.swift */; };
		CEA60D8A26524FF600DC0B44 /* ExchangeProvider.swift in Sources */ = {isa = PBXBuildFile; fileRef = CEA0FE7E2473CF2800B8D191 /* ExchangeProvider.swift */; };
		CEA60D8D2652500B00DC0B44 /* DataFetcherService.swift in Sources */ = {isa = PBXBuildFile; fileRef = 6E4566E92472A611001C8D8C /* DataFetcherService.swift */; };
		CEA60D972652532100DC0B44 /* TradingPairListModel.swift in Sources */ = {isa = PBXBuildFile; fileRef = CEA0FE8A2473D39000B8D191 /* TradingPairListModel.swift */; };
		CEA60DA2265253B400DC0B44 /* BSTicker.swift in Sources */ = {isa = PBXBuildFile; fileRef = 6E4566DA24728236001C8D8C /* BSTicker.swift */; };
		CEA60DA5265253BC00DC0B44 /* BSTransactionsHistory.swift in Sources */ = {isa = PBXBuildFile; fileRef = 6E4566E324729C65001C8D8C /* BSTransactionsHistory.swift */; };
		CEA60DA82652546800DC0B44 /* NetworkDataFetcher.swift in Sources */ = {isa = PBXBuildFile; fileRef = 6E4566E72472A12B001C8D8C /* NetworkDataFetcher.swift */; };
		CEA60DAB2652546A00DC0B44 /* NetworkService.swift in Sources */ = {isa = PBXBuildFile; fileRef = 6E4566E524729E81001C8D8C /* NetworkService.swift */; };
		CEA60DAE2652547D00DC0B44 /* BSOrderBook.swift in Sources */ = {isa = PBXBuildFile; fileRef = 6E4566E1247294F5001C8D8C /* BSOrderBook.swift */; };
		CEA60DB12652548800DC0B44 /* ConversionRateEurUsd.swift in Sources */ = {isa = PBXBuildFile; fileRef = 6E4566ED2472AB53001C8D8C /* ConversionRateEurUsd.swift */; };
		CEA60DB42652549300DC0B44 /* BSTickerHourly.swift in Sources */ = {isa = PBXBuildFile; fileRef = 6E456725247410E9001C8D8C /* BSTickerHourly.swift */; };
		CEAF90F626511C3B00FD0D9B /* WidgetKit.framework in Frameworks */ = {isa = PBXBuildFile; fileRef = CEAF90F526511C3B00FD0D9B /* WidgetKit.framework */; };
		CEAF90F826511C3B00FD0D9B /* SwiftUI.framework in Frameworks */ = {isa = PBXBuildFile; fileRef = CEAF90F726511C3B00FD0D9B /* SwiftUI.framework */; };
		CEAF90FB26511C3B00FD0D9B /* BitTraderWidgetExtension.swift in Sources */ = {isa = PBXBuildFile; fileRef = CEAF90FA26511C3B00FD0D9B /* BitTraderWidgetExtension.swift */; };
		CEAF90FD26511C3C00FD0D9B /* Assets.xcassets in Resources */ = {isa = PBXBuildFile; fileRef = CEAF90FC26511C3C00FD0D9B /* Assets.xcassets */; };
		CEAF910126511C3C00FD0D9B /* BitTraderWidgetExtensionExtension.appex in Embed App Extensions */ = {isa = PBXBuildFile; fileRef = CEAF90F426511C3B00FD0D9B /* BitTraderWidgetExtensionExtension.appex */; settings = {ATTRIBUTES = (RemoveHeadersOnCopy, ); }; };
		CEAF910926511ED400FD0D9B /* BitTraderWidgets.swift in Sources */ = {isa = PBXBuildFile; fileRef = CEAF910826511ED400FD0D9B /* BitTraderWidgets.swift */; };
		CEAF910F2651200400FD0D9B /* CryptocurrencyWidget.swift in Sources */ = {isa = PBXBuildFile; fileRef = CEAF910E2651200400FD0D9B /* CryptocurrencyWidget.swift */; };
		CEAF91132651500F00FD0D9B /* PairTransaction.swift in Sources */ = {isa = PBXBuildFile; fileRef = CEAF91122651500F00FD0D9B /* PairTransaction.swift */; };
		CEAF91162651503700FD0D9B /* BSTradingPair.swift in Sources */ = {isa = PBXBuildFile; fileRef = 6E4566EB2472A9A8001C8D8C /* BSTradingPair.swift */; };
/* End PBXBuildFile section */

/* Begin PBXContainerItemProxy section */
		CEAF90FF26511C3C00FD0D9B /* PBXContainerItemProxy */ = {
			isa = PBXContainerItemProxy;
			containerPortal = 6E4884272461F12800ABD705 /* Project object */;
			proxyType = 1;
			remoteGlobalIDString = CEAF90F326511C3B00FD0D9B;
			remoteInfo = BitTraderWidgetExtensionExtension;
		};
/* End PBXContainerItemProxy section */

/* Begin PBXCopyFilesBuildPhase section */
		CEAF910526511C3C00FD0D9B /* Embed App Extensions */ = {
			isa = PBXCopyFilesBuildPhase;
			buildActionMask = 2147483647;
			dstPath = "";
			dstSubfolderSpec = 13;
			files = (
				CEAF910126511C3C00FD0D9B /* BitTraderWidgetExtensionExtension.appex in Embed App Extensions */,
			);
			name = "Embed App Extensions";
			runOnlyForDeploymentPostprocessing = 0;
		};
/* End PBXCopyFilesBuildPhase section */

/* Begin PBXFileReference section */
		221A756FC366AC026E16C285 /* Pods-BitTraderWidgetExtensionExtension.release.xcconfig */ = {isa = PBXFileReference; includeInIndex = 1; lastKnownFileType = text.xcconfig; name = "Pods-BitTraderWidgetExtensionExtension.release.xcconfig"; path = "Target Support Files/Pods-BitTraderWidgetExtensionExtension/Pods-BitTraderWidgetExtensionExtension.release.xcconfig"; sourceTree = "<group>"; };
		43A8014364B7587EBC1476A3 /* Pods_BitTrader.framework */ = {isa = PBXFileReference; explicitFileType = wrapper.framework; includeInIndex = 0; path = Pods_BitTrader.framework; sourceTree = BUILT_PRODUCTS_DIR; };
		65A41C62961F0AC97BDCB8A6 /* Pods-BitTrader.release.xcconfig */ = {isa = PBXFileReference; includeInIndex = 1; lastKnownFileType = text.xcconfig; name = "Pods-BitTrader.release.xcconfig"; path = "Target Support Files/Pods-BitTrader/Pods-BitTrader.release.xcconfig"; sourceTree = "<group>"; };
		6E4566DA24728236001C8D8C /* BSTicker.swift */ = {isa = PBXFileReference; lastKnownFileType = sourcecode.swift; path = BSTicker.swift; sourceTree = "<group>"; };
		6E4566E1247294F5001C8D8C /* BSOrderBook.swift */ = {isa = PBXFileReference; lastKnownFileType = sourcecode.swift; path = BSOrderBook.swift; sourceTree = "<group>"; };
		6E4566E324729C65001C8D8C /* BSTransactionsHistory.swift */ = {isa = PBXFileReference; lastKnownFileType = sourcecode.swift; path = BSTransactionsHistory.swift; sourceTree = "<group>"; };
		6E4566E524729E81001C8D8C /* NetworkService.swift */ = {isa = PBXFileReference; lastKnownFileType = sourcecode.swift; path = NetworkService.swift; sourceTree = "<group>"; };
		6E4566E72472A12B001C8D8C /* NetworkDataFetcher.swift */ = {isa = PBXFileReference; lastKnownFileType = sourcecode.swift; path = NetworkDataFetcher.swift; sourceTree = "<group>"; };
		6E4566E92472A611001C8D8C /* DataFetcherService.swift */ = {isa = PBXFileReference; lastKnownFileType = sourcecode.swift; path = DataFetcherService.swift; sourceTree = "<group>"; };
		6E4566EB2472A9A8001C8D8C /* BSTradingPair.swift */ = {isa = PBXFileReference; lastKnownFileType = sourcecode.swift; path = BSTradingPair.swift; sourceTree = "<group>"; };
		6E4566ED2472AB53001C8D8C /* ConversionRateEurUsd.swift */ = {isa = PBXFileReference; lastKnownFileType = sourcecode.swift; path = ConversionRateEurUsd.swift; sourceTree = "<group>"; };
		6E4566F02472B7F4001C8D8C /* DateConvert.swift */ = {isa = PBXFileReference; lastKnownFileType = sourcecode.swift; path = DateConvert.swift; sourceTree = "<group>"; };
		6E456725247410E9001C8D8C /* BSTickerHourly.swift */ = {isa = PBXFileReference; lastKnownFileType = sourcecode.swift; path = BSTickerHourly.swift; sourceTree = "<group>"; };
		6E45672724752899001C8D8C /* TradingPairsTableViewCell.swift */ = {isa = PBXFileReference; lastKnownFileType = sourcecode.swift; path = TradingPairsTableViewCell.swift; sourceTree = "<group>"; };
		6E45674B2476A031001C8D8C /* DetailViewController.swift */ = {isa = PBXFileReference; lastKnownFileType = sourcecode.swift; path = DetailViewController.swift; sourceTree = "<group>"; };
		6E48842F2461F12800ABD705 /* BitTrader.app */ = {isa = PBXFileReference; explicitFileType = wrapper.application; includeInIndex = 0; path = BitTrader.app; sourceTree = BUILT_PRODUCTS_DIR; };
		6E4884322461F12800ABD705 /* AppDelegate.swift */ = {isa = PBXFileReference; lastKnownFileType = sourcecode.swift; path = AppDelegate.swift; sourceTree = "<group>"; };
		6E4884342461F12800ABD705 /* SceneDelegate.swift */ = {isa = PBXFileReference; lastKnownFileType = sourcecode.swift; path = SceneDelegate.swift; sourceTree = "<group>"; };
		6E4884362461F12800ABD705 /* ViewController.swift */ = {isa = PBXFileReference; lastKnownFileType = sourcecode.swift; path = ViewController.swift; sourceTree = "<group>"; };
		6E4884392461F12800ABD705 /* Base */ = {isa = PBXFileReference; lastKnownFileType = file.storyboard; name = Base; path = Base.lproj/Main.storyboard; sourceTree = "<group>"; };
		6E48843B2461F13000ABD705 /* Assets.xcassets */ = {isa = PBXFileReference; lastKnownFileType = folder.assetcatalog; path = Assets.xcassets; sourceTree = "<group>"; };
		6E48843E2461F13000ABD705 /* Base */ = {isa = PBXFileReference; lastKnownFileType = file.storyboard; name = Base; path = Base.lproj/LaunchScreen.storyboard; sourceTree = "<group>"; };
		6E4884402461F13000ABD705 /* Info.plist */ = {isa = PBXFileReference; lastKnownFileType = text.plist.xml; path = Info.plist; sourceTree = "<group>"; };
		8F08837EF3511DA772A60652 /* Pods_BitTraderWidgetExtensionExtension.framework */ = {isa = PBXFileReference; explicitFileType = wrapper.framework; includeInIndex = 0; path = Pods_BitTraderWidgetExtensionExtension.framework; sourceTree = BUILT_PRODUCTS_DIR; };
		C9B4977E118D4B789D244AB2 /* Pods-BitTrader.debug.xcconfig */ = {isa = PBXFileReference; includeInIndex = 1; lastKnownFileType = text.xcconfig; name = "Pods-BitTrader.debug.xcconfig"; path = "Target Support Files/Pods-BitTrader/Pods-BitTrader.debug.xcconfig"; sourceTree = "<group>"; };
		CB84B9BA6617AF5F8031E00E /* Pods-BitTraderWidgetExtensionExtension.debug.xcconfig */ = {isa = PBXFileReference; includeInIndex = 1; lastKnownFileType = text.xcconfig; name = "Pods-BitTraderWidgetExtensionExtension.debug.xcconfig"; path = "Target Support Files/Pods-BitTraderWidgetExtensionExtension/Pods-BitTraderWidgetExtensionExtension.debug.xcconfig"; sourceTree = "<group>"; };
		CE276D89247D09A6009E09D7 /* Date+TIme.swift */ = {isa = PBXFileReference; lastKnownFileType = sourcecode.swift; path = "Date+TIme.swift"; sourceTree = "<group>"; };
		CE68ADD9265285640009786F /* BSCostOHLC.swift */ = {isa = PBXFileReference; lastKnownFileType = sourcecode.swift; path = BSCostOHLC.swift; sourceTree = "<group>"; };
		CE68ADDE265293060009786F /* CryptocurrencyView.swift */ = {isa = PBXFileReference; lastKnownFileType = sourcecode.swift; path = CryptocurrencyView.swift; sourceTree = "<group>"; };
		CE9F5A4526542E4D00922160 /* CryptocurrencyListView.swift */ = {isa = PBXFileReference; lastKnownFileType = sourcecode.swift; path = CryptocurrencyListView.swift; sourceTree = "<group>"; };
		CE9F5A4B2654375300922160 /* CryptocurrencySmallItemsView.swift */ = {isa = PBXFileReference; lastKnownFileType = sourcecode.swift; path = CryptocurrencySmallItemsView.swift; sourceTree = "<group>"; };
		CE9F5A4F26543C4C00922160 /* CryptocurrencySmallRow.swift */ = {isa = PBXFileReference; lastKnownFileType = sourcecode.swift; path = CryptocurrencySmallRow.swift; sourceTree = "<group>"; };
		CEA0FE7B2473CCF300B8D191 /* BSExchange.swift */ = {isa = PBXFileReference; lastKnownFileType = sourcecode.swift; path = BSExchange.swift; sourceTree = "<group>"; };
		CEA0FE7E2473CF2800B8D191 /* ExchangeProvider.swift */ = {isa = PBXFileReference; lastKnownFileType = sourcecode.swift; path = ExchangeProvider.swift; sourceTree = "<group>"; };
		CEA0FE812473D0A900B8D191 /* BitstampExchangeProvider.swift */ = {isa = PBXFileReference; lastKnownFileType = sourcecode.swift; path = BitstampExchangeProvider.swift; sourceTree = "<group>"; };
		CEA0FE832473D14D00B8D191 /* Services.swift */ = {isa = PBXFileReference; lastKnownFileType = sourcecode.swift; path = Services.swift; sourceTree = "<group>"; };
		CEA0FE872473D31A00B8D191 /* TradingPairsListController.swift */ = {isa = PBXFileReference; lastKnownFileType = sourcecode.swift; path = TradingPairsListController.swift; sourceTree = "<group>"; };
		CEA0FE8A2473D39000B8D191 /* TradingPairListModel.swift */ = {isa = PBXFileReference; lastKnownFileType = sourcecode.swift; path = TradingPairListModel.swift; sourceTree = "<group>"; };
		CEAF90F426511C3B00FD0D9B /* BitTraderWidgetExtensionExtension.appex */ = {isa = PBXFileReference; explicitFileType = "wrapper.app-extension"; includeInIndex = 0; path = BitTraderWidgetExtensionExtension.appex; sourceTree = BUILT_PRODUCTS_DIR; };
		CEAF90F526511C3B00FD0D9B /* WidgetKit.framework */ = {isa = PBXFileReference; lastKnownFileType = wrapper.framework; name = WidgetKit.framework; path = System/Library/Frameworks/WidgetKit.framework; sourceTree = SDKROOT; };
		CEAF90F726511C3B00FD0D9B /* SwiftUI.framework */ = {isa = PBXFileReference; lastKnownFileType = wrapper.framework; name = SwiftUI.framework; path = System/Library/Frameworks/SwiftUI.framework; sourceTree = SDKROOT; };
		CEAF90FA26511C3B00FD0D9B /* BitTraderWidgetExtension.swift */ = {isa = PBXFileReference; lastKnownFileType = sourcecode.swift; path = BitTraderWidgetExtension.swift; sourceTree = "<group>"; };
		CEAF90FC26511C3C00FD0D9B /* Assets.xcassets */ = {isa = PBXFileReference; lastKnownFileType = folder.assetcatalog; path = Assets.xcassets; sourceTree = "<group>"; };
		CEAF90FE26511C3C00FD0D9B /* Info.plist */ = {isa = PBXFileReference; lastKnownFileType = text.plist.xml; path = Info.plist; sourceTree = "<group>"; };
		CEAF910826511ED400FD0D9B /* BitTraderWidgets.swift */ = {isa = PBXFileReference; lastKnownFileType = sourcecode.swift; path = BitTraderWidgets.swift; sourceTree = "<group>"; };
		CEAF910E2651200400FD0D9B /* CryptocurrencyWidget.swift */ = {isa = PBXFileReference; lastKnownFileType = sourcecode.swift; path = CryptocurrencyWidget.swift; sourceTree = "<group>"; };
		CEAF91122651500F00FD0D9B /* PairTransaction.swift */ = {isa = PBXFileReference; lastKnownFileType = sourcecode.swift; path = PairTransaction.swift; sourceTree = "<group>"; };
/* End PBXFileReference section */

/* Begin PBXFrameworksBuildPhase section */
		6E48842C2461F12800ABD705 /* Frameworks */ = {
			isa = PBXFrameworksBuildPhase;
			buildActionMask = 2147483647;
			files = (
				4F1EC0A15F5C24E635D322A2 /* Pods_BitTrader.framework in Frameworks */,
			);
			runOnlyForDeploymentPostprocessing = 0;
		};
		CEAF90F126511C3B00FD0D9B /* Frameworks */ = {
			isa = PBXFrameworksBuildPhase;
			buildActionMask = 2147483647;
			files = (
				CEAF90F826511C3B00FD0D9B /* SwiftUI.framework in Frameworks */,
				CEAF90F626511C3B00FD0D9B /* WidgetKit.framework in Frameworks */,
				082E57436917D7A1CD7BFA92 /* Pods_BitTraderWidgetExtensionExtension.framework in Frameworks */,
			);
			runOnlyForDeploymentPostprocessing = 0;
		};
/* End PBXFrameworksBuildPhase section */

/* Begin PBXGroup section */
		4F9A344891AF94B35AA85480 /* Pods */ = {
			isa = PBXGroup;
			children = (
				C9B4977E118D4B789D244AB2 /* Pods-BitTrader.debug.xcconfig */,
				65A41C62961F0AC97BDCB8A6 /* Pods-BitTrader.release.xcconfig */,
				CB84B9BA6617AF5F8031E00E /* Pods-BitTraderWidgetExtensionExtension.debug.xcconfig */,
				221A756FC366AC026E16C285 /* Pods-BitTraderWidgetExtensionExtension.release.xcconfig */,
			);
			path = Pods;
			sourceTree = "<group>";
		};
		6E4566D924728211001C8D8C /* Model */ = {
			isa = PBXGroup;
			children = (
				CEA0FE7D2473CF1100B8D191 /* Services */,
				6E4566DE24728C46001C8D8C /* Models */,
				CEAF90E32650428800FD0D9B /* Networking */,
			);
			path = Model;
			sourceTree = "<group>";
		};
		6E4566DE24728C46001C8D8C /* Models */ = {
			isa = PBXGroup;
			children = (
				6E4566DA24728236001C8D8C /* BSTicker.swift */,
				6E456725247410E9001C8D8C /* BSTickerHourly.swift */,
				6E4566E1247294F5001C8D8C /* BSOrderBook.swift */,
				6E4566E324729C65001C8D8C /* BSTransactionsHistory.swift */,
				6E4566EB2472A9A8001C8D8C /* BSTradingPair.swift */,
				6E4566ED2472AB53001C8D8C /* ConversionRateEurUsd.swift */,
				CEA0FE7B2473CCF300B8D191 /* BSExchange.swift */,
				CE68ADD9265285640009786F /* BSCostOHLC.swift */,
			);
			path = Models;
			sourceTree = "<group>";
		};
		6E4884262461F12800ABD705 = {
			isa = PBXGroup;
			children = (
				6E4884312461F12800ABD705 /* BitTrader */,
				CEAF90F926511C3B00FD0D9B /* BitTraderWidgetExtension */,
				6E4884302461F12800ABD705 /* Products */,
				4F9A344891AF94B35AA85480 /* Pods */,
				77CF04FC8BD8EE8AEBD76439 /* Frameworks */,
			);
			sourceTree = "<group>";
		};
		6E4884302461F12800ABD705 /* Products */ = {
			isa = PBXGroup;
			children = (
				6E48842F2461F12800ABD705 /* BitTrader.app */,
				CEAF90F426511C3B00FD0D9B /* BitTraderWidgetExtensionExtension.appex */,
			);
			name = Products;
			sourceTree = "<group>";
		};
		6E4884312461F12800ABD705 /* BitTrader */ = {
			isa = PBXGroup;
			children = (
				6E4884322461F12800ABD705 /* AppDelegate.swift */,
				6E4884342461F12800ABD705 /* SceneDelegate.swift */,
				6E4884362461F12800ABD705 /* ViewController.swift */,
				6E4566D924728211001C8D8C /* Model */,
				CE276D88247D098B009E09D7 /* Utils */,
				CEA0FE852473D2E900B8D191 /* Presentation */,
				6E4884382461F12800ABD705 /* Main.storyboard */,
				6E48843B2461F13000ABD705 /* Assets.xcassets */,
				6E48843D2461F13000ABD705 /* LaunchScreen.storyboard */,
				6E4884402461F13000ABD705 /* Info.plist */,
			);
			path = BitTrader;
			sourceTree = "<group>";
		};
		77CF04FC8BD8EE8AEBD76439 /* Frameworks */ = {
			isa = PBXGroup;
			children = (
				43A8014364B7587EBC1476A3 /* Pods_BitTrader.framework */,
				CEAF90F526511C3B00FD0D9B /* WidgetKit.framework */,
				CEAF90F726511C3B00FD0D9B /* SwiftUI.framework */,
				8F08837EF3511DA772A60652 /* Pods_BitTraderWidgetExtensionExtension.framework */,
			);
			name = Frameworks;
			sourceTree = "<group>";
		};
		CE276D88247D098B009E09D7 /* Utils */ = {
			isa = PBXGroup;
			children = (
				6E4566F02472B7F4001C8D8C /* DateConvert.swift */,
				CE276D89247D09A6009E09D7 /* Date+TIme.swift */,
			);
			path = Utils;
			sourceTree = "<group>";
		};
		CEA0FE7D2473CF1100B8D191 /* Services */ = {
			isa = PBXGroup;
			children = (
				CEA0FE802473D08100B8D191 /* Bitstamp */,
				CEA0FE7E2473CF2800B8D191 /* ExchangeProvider.swift */,
				CEA0FE832473D14D00B8D191 /* Services.swift */,
			);
			path = Services;
			sourceTree = "<group>";
		};
		CEA0FE802473D08100B8D191 /* Bitstamp */ = {
			isa = PBXGroup;
			children = (
				CEA0FE812473D0A900B8D191 /* BitstampExchangeProvider.swift */,
			);
			path = Bitstamp;
			sourceTree = "<group>";
		};
		CEA0FE852473D2E900B8D191 /* Presentation */ = {
			isa = PBXGroup;
			children = (
				CEA0FE862473D2F600B8D191 /* TradingPairsList */,
			);
			path = Presentation;
			sourceTree = "<group>";
		};
		CEA0FE862473D2F600B8D191 /* TradingPairsList */ = {
			isa = PBXGroup;
			children = (
				CEA0FE892473D37100B8D191 /* Components */,
				CEA0FE872473D31A00B8D191 /* TradingPairsListController.swift */,
				6E45672724752899001C8D8C /* TradingPairsTableViewCell.swift */,
				6E45674B2476A031001C8D8C /* DetailViewController.swift */,
			);
			path = TradingPairsList;
			sourceTree = "<group>";
		};
		CEA0FE892473D37100B8D191 /* Components */ = {
			isa = PBXGroup;
			children = (
				CEA0FE8A2473D39000B8D191 /* TradingPairListModel.swift */,
			);
			path = Components;
			sourceTree = "<group>";
		};
		CEAF90E32650428800FD0D9B /* Networking */ = {
			isa = PBXGroup;
			children = (
				6E4566E524729E81001C8D8C /* NetworkService.swift */,
				6E4566E72472A12B001C8D8C /* NetworkDataFetcher.swift */,
				6E4566E92472A611001C8D8C /* DataFetcherService.swift */,
			);
			path = Networking;
			sourceTree = "<group>";
		};
		CEAF90F926511C3B00FD0D9B /* BitTraderWidgetExtension */ = {
			isa = PBXGroup;
			children = (
				CEAF90FA26511C3B00FD0D9B /* BitTraderWidgetExtension.swift */,
				CEAF91122651500F00FD0D9B /* PairTransaction.swift */,
				CEAF910826511ED400FD0D9B /* BitTraderWidgets.swift */,
				CEAF910E2651200400FD0D9B /* CryptocurrencyWidget.swift */,
				CE68ADDE265293060009786F /* CryptocurrencyView.swift */,
				CE9F5A4526542E4D00922160 /* CryptocurrencyListView.swift */,
				CE9F5A4B2654375300922160 /* CryptocurrencySmallItemsView.swift */,
				CE9F5A4F26543C4C00922160 /* CryptocurrencySmallRow.swift */,
				CEAF90FC26511C3C00FD0D9B /* Assets.xcassets */,
				CEAF90FE26511C3C00FD0D9B /* Info.plist */,
			);
			path = BitTraderWidgetExtension;
			sourceTree = "<group>";
		};
/* End PBXGroup section */

/* Begin PBXNativeTarget section */
		6E48842E2461F12800ABD705 /* BitTrader */ = {
			isa = PBXNativeTarget;
			buildConfigurationList = 6E4884432461F13000ABD705 /* Build configuration list for PBXNativeTarget "BitTrader" */;
			buildPhases = (
				AECC8E3AB511D1C68F8BA441 /* [CP] Check Pods Manifest.lock */,
				6E48842B2461F12800ABD705 /* Sources */,
				6E48842C2461F12800ABD705 /* Frameworks */,
				6E48842D2461F12800ABD705 /* Resources */,
				CC33B2C6D12AD1FDBF644A2F /* [CP] Embed Pods Frameworks */,
				CEAF910526511C3C00FD0D9B /* Embed App Extensions */,
			);
			buildRules = (
			);
			dependencies = (
				CEAF910026511C3C00FD0D9B /* PBXTargetDependency */,
			);
			name = BitTrader;
			productName = BitTrader;
			productReference = 6E48842F2461F12800ABD705 /* BitTrader.app */;
			productType = "com.apple.product-type.application";
		};
		CEAF90F326511C3B00FD0D9B /* BitTraderWidgetExtensionExtension */ = {
			isa = PBXNativeTarget;
			buildConfigurationList = CEAF910226511C3C00FD0D9B /* Build configuration list for PBXNativeTarget "BitTraderWidgetExtensionExtension" */;
			buildPhases = (
				088404BE8F25ADD044B382BF /* [CP] Check Pods Manifest.lock */,
				CEAF90F026511C3B00FD0D9B /* Sources */,
				CEAF90F126511C3B00FD0D9B /* Frameworks */,
				CEAF90F226511C3B00FD0D9B /* Resources */,
			);
			buildRules = (
			);
			dependencies = (
			);
			name = BitTraderWidgetExtensionExtension;
			productName = BitTraderWidgetExtensionExtension;
			productReference = CEAF90F426511C3B00FD0D9B /* BitTraderWidgetExtensionExtension.appex */;
			productType = "com.apple.product-type.app-extension";
		};
/* End PBXNativeTarget section */

/* Begin PBXProject section */
		6E4884272461F12800ABD705 /* Project object */ = {
			isa = PBXProject;
			attributes = {
				LastSwiftUpdateCheck = 1240;
				LastUpgradeCheck = 1130;
				ORGANIZATIONNAME = "Tarabanov Igor";
				TargetAttributes = {
					6E48842E2461F12800ABD705 = {
						CreatedOnToolsVersion = 11.3.1;
					};
					CEAF90F326511C3B00FD0D9B = {
						CreatedOnToolsVersion = 12.4;
					};
				};
			};
			buildConfigurationList = 6E48842A2461F12800ABD705 /* Build configuration list for PBXProject "BitTrader" */;
			compatibilityVersion = "Xcode 9.3";
			developmentRegion = en;
			hasScannedForEncodings = 0;
			knownRegions = (
				en,
				Base,
			);
			mainGroup = 6E4884262461F12800ABD705;
			productRefGroup = 6E4884302461F12800ABD705 /* Products */;
			projectDirPath = "";
			projectRoot = "";
			targets = (
				6E48842E2461F12800ABD705 /* BitTrader */,
				CEAF90F326511C3B00FD0D9B /* BitTraderWidgetExtensionExtension */,
			);
		};
/* End PBXProject section */

/* Begin PBXResourcesBuildPhase section */
		6E48842D2461F12800ABD705 /* Resources */ = {
			isa = PBXResourcesBuildPhase;
			buildActionMask = 2147483647;
			files = (
				6E48843F2461F13000ABD705 /* LaunchScreen.storyboard in Resources */,
				6E48843C2461F13000ABD705 /* Assets.xcassets in Resources */,
				6E48843A2461F12800ABD705 /* Main.storyboard in Resources */,
			);
			runOnlyForDeploymentPostprocessing = 0;
		};
		CEAF90F226511C3B00FD0D9B /* Resources */ = {
			isa = PBXResourcesBuildPhase;
			buildActionMask = 2147483647;
			files = (
				CEAF90FD26511C3C00FD0D9B /* Assets.xcassets in Resources */,
			);
			runOnlyForDeploymentPostprocessing = 0;
		};
/* End PBXResourcesBuildPhase section */

/* Begin PBXShellScriptBuildPhase section */
		088404BE8F25ADD044B382BF /* [CP] Check Pods Manifest.lock */ = {
			isa = PBXShellScriptBuildPhase;
			buildActionMask = 2147483647;
			files = (
			);
			inputFileListPaths = (
			);
			inputPaths = (
				"${PODS_PODFILE_DIR_PATH}/Podfile.lock",
				"${PODS_ROOT}/Manifest.lock",
			);
			name = "[CP] Check Pods Manifest.lock";
			outputFileListPaths = (
			);
			outputPaths = (
				"$(DERIVED_FILE_DIR)/Pods-BitTraderWidgetExtensionExtension-checkManifestLockResult.txt",
			);
			runOnlyForDeploymentPostprocessing = 0;
			shellPath = /bin/sh;
			shellScript = "diff \"${PODS_PODFILE_DIR_PATH}/Podfile.lock\" \"${PODS_ROOT}/Manifest.lock\" > /dev/null\nif [ $? != 0 ] ; then\n    # print error to STDERR\n    echo \"error: The sandbox is not in sync with the Podfile.lock. Run 'pod install' or update your CocoaPods installation.\" >&2\n    exit 1\nfi\n# This output is used by Xcode 'outputs' to avoid re-running this script phase.\necho \"SUCCESS\" > \"${SCRIPT_OUTPUT_FILE_0}\"\n";
			showEnvVarsInLog = 0;
		};
		AECC8E3AB511D1C68F8BA441 /* [CP] Check Pods Manifest.lock */ = {
			isa = PBXShellScriptBuildPhase;
			buildActionMask = 2147483647;
			files = (
			);
			inputFileListPaths = (
			);
			inputPaths = (
				"${PODS_PODFILE_DIR_PATH}/Podfile.lock",
				"${PODS_ROOT}/Manifest.lock",
			);
			name = "[CP] Check Pods Manifest.lock";
			outputFileListPaths = (
			);
			outputPaths = (
				"$(DERIVED_FILE_DIR)/Pods-BitTrader-checkManifestLockResult.txt",
			);
			runOnlyForDeploymentPostprocessing = 0;
			shellPath = /bin/sh;
			shellScript = "diff \"${PODS_PODFILE_DIR_PATH}/Podfile.lock\" \"${PODS_ROOT}/Manifest.lock\" > /dev/null\nif [ $? != 0 ] ; then\n    # print error to STDERR\n    echo \"error: The sandbox is not in sync with the Podfile.lock. Run 'pod install' or update your CocoaPods installation.\" >&2\n    exit 1\nfi\n# This output is used by Xcode 'outputs' to avoid re-running this script phase.\necho \"SUCCESS\" > \"${SCRIPT_OUTPUT_FILE_0}\"\n";
			showEnvVarsInLog = 0;
		};
		CC33B2C6D12AD1FDBF644A2F /* [CP] Embed Pods Frameworks */ = {
			isa = PBXShellScriptBuildPhase;
			buildActionMask = 2147483647;
			files = (
			);
			inputFileListPaths = (
				"${PODS_ROOT}/Target Support Files/Pods-BitTrader/Pods-BitTrader-frameworks-${CONFIGURATION}-input-files.xcfilelist",
			);
			name = "[CP] Embed Pods Frameworks";
			outputFileListPaths = (
				"${PODS_ROOT}/Target Support Files/Pods-BitTrader/Pods-BitTrader-frameworks-${CONFIGURATION}-output-files.xcfilelist",
			);
			runOnlyForDeploymentPostprocessing = 0;
			shellPath = /bin/sh;
			shellScript = "\"${PODS_ROOT}/Target Support Files/Pods-BitTrader/Pods-BitTrader-frameworks.sh\"\n";
			showEnvVarsInLog = 0;
		};
/* End PBXShellScriptBuildPhase section */

/* Begin PBXSourcesBuildPhase section */
		6E48842B2461F12800ABD705 /* Sources */ = {
			isa = PBXSourcesBuildPhase;
			buildActionMask = 2147483647;
			files = (
				6E4884372461F12800ABD705 /* ViewController.swift in Sources */,
				6E456726247410E9001C8D8C /* BSTickerHourly.swift in Sources */,
				CEA0FE882473D31A00B8D191 /* TradingPairsListController.swift in Sources */,
				CEA0FE8B2473D39000B8D191 /* TradingPairListModel.swift in Sources */,
				6E4566E424729C65001C8D8C /* BSTransactionsHistory.swift in Sources */,
				6E4566EE2472AB53001C8D8C /* ConversionRateEurUsd.swift in Sources */,
				6E45674C2476A031001C8D8C /* DetailViewController.swift in Sources */,
				6E4566DB24728236001C8D8C /* BSTicker.swift in Sources */,
				CEA0FE822473D0A900B8D191 /* BitstampExchangeProvider.swift in Sources */,
				6E4566E82472A12B001C8D8C /* NetworkDataFetcher.swift in Sources */,
				CE68ADD6265265790009786F /* PairTransaction.swift in Sources */,
				CEA0FE842473D14D00B8D191 /* Services.swift in Sources */,
				6E4566EA2472A611001C8D8C /* DataFetcherService.swift in Sources */,
				6E4566F12472B7F4001C8D8C /* DateConvert.swift in Sources */,
				6E4566E624729E81001C8D8C /* NetworkService.swift in Sources */,
				CE68ADDA265285640009786F /* BSCostOHLC.swift in Sources */,
				CEA0FE7C2473CCF300B8D191 /* BSExchange.swift in Sources */,
				6E4566E2247294F5001C8D8C /* BSOrderBook.swift in Sources */,
				6E4884332461F12800ABD705 /* AppDelegate.swift in Sources */,
				6E4566EC2472A9A8001C8D8C /* BSTradingPair.swift in Sources */,
				CE276D8A247D09A6009E09D7 /* Date+TIme.swift in Sources */,
				6E45672824752899001C8D8C /* TradingPairsTableViewCell.swift in Sources */,
				6E4884352461F12800ABD705 /* SceneDelegate.swift in Sources */,
				CEA0FE7F2473CF2800B8D191 /* ExchangeProvider.swift in Sources */,
			);
			runOnlyForDeploymentPostprocessing = 0;
		};
		CEAF90F026511C3B00FD0D9B /* Sources */ = {
			isa = PBXSourcesBuildPhase;
			buildActionMask = 2147483647;
			files = (
				CE9F5A4626542E4D00922160 /* CryptocurrencyListView.swift in Sources */,
				CEA60DA82652546800DC0B44 /* NetworkDataFetcher.swift in Sources */,
				CEA60DA2265253B400DC0B44 /* BSTicker.swift in Sources */,
				CEA60D972652532100DC0B44 /* TradingPairListModel.swift in Sources */,
				CE68ADDB265285640009786F /* BSCostOHLC.swift in Sources */,
				CEA60DA5265253BC00DC0B44 /* BSTransactionsHistory.swift in Sources */,
				CEA60D8426524FE200DC0B44 /* DateConvert.swift in Sources */,
				CEA60DB42652549300DC0B44 /* BSTickerHourly.swift in Sources */,
				CEAF90FB26511C3B00FD0D9B /* BitTraderWidgetExtension.swift in Sources */,
				CEA60D8A26524FF600DC0B44 /* ExchangeProvider.swift in Sources */,
				CEA60D8126524F9C00DC0B44 /* Services.swift in Sources */,
				CE9F5A4C2654375300922160 /* CryptocurrencySmallItemsView.swift in Sources */,
				CE68ADDF265293060009786F /* CryptocurrencyView.swift in Sources */,
				CEA60DAE2652547D00DC0B44 /* BSOrderBook.swift in Sources */,
				CEA60D8726524FEA00DC0B44 /* BitstampExchangeProvider.swift in Sources */,
				CEA60D8D2652500B00DC0B44 /* DataFetcherService.swift in Sources */,
				CEA60DAB2652546A00DC0B44 /* NetworkService.swift in Sources */,
				CEAF910F2651200400FD0D9B /* CryptocurrencyWidget.swift in Sources */,
				CE9F5A5026543C4C00922160 /* CryptocurrencySmallRow.swift in Sources */,
				CEAF91132651500F00FD0D9B /* PairTransaction.swift in Sources */,
				CEAF91162651503700FD0D9B /* BSTradingPair.swift in Sources */,
				CEAF910926511ED400FD0D9B /* BitTraderWidgets.swift in Sources */,
				CEA60DB12652548800DC0B44 /* ConversionRateEurUsd.swift in Sources */,
			);
			runOnlyForDeploymentPostprocessing = 0;
		};
/* End PBXSourcesBuildPhase section */

/* Begin PBXTargetDependency section */
		CEAF910026511C3C00FD0D9B /* PBXTargetDependency */ = {
			isa = PBXTargetDependency;
			target = CEAF90F326511C3B00FD0D9B /* BitTraderWidgetExtensionExtension */;
			targetProxy = CEAF90FF26511C3C00FD0D9B /* PBXContainerItemProxy */;
		};
/* End PBXTargetDependency section */

/* Begin PBXVariantGroup section */
		6E4884382461F12800ABD705 /* Main.storyboard */ = {
			isa = PBXVariantGroup;
			children = (
				6E4884392461F12800ABD705 /* Base */,
			);
			name = Main.storyboard;
			sourceTree = "<group>";
		};
		6E48843D2461F13000ABD705 /* LaunchScreen.storyboard */ = {
			isa = PBXVariantGroup;
			children = (
				6E48843E2461F13000ABD705 /* Base */,
			);
			name = LaunchScreen.storyboard;
			sourceTree = "<group>";
		};
/* End PBXVariantGroup section */

/* Begin XCBuildConfiguration section */
		6E4884412461F13000ABD705 /* Debug */ = {
			isa = XCBuildConfiguration;
			buildSettings = {
				ALWAYS_SEARCH_USER_PATHS = NO;
				CLANG_ANALYZER_NONNULL = YES;
				CLANG_ANALYZER_NUMBER_OBJECT_CONVERSION = YES_AGGRESSIVE;
				CLANG_CXX_LANGUAGE_STANDARD = "gnu++14";
				CLANG_CXX_LIBRARY = "libc++";
				CLANG_ENABLE_MODULES = YES;
				CLANG_ENABLE_OBJC_ARC = YES;
				CLANG_ENABLE_OBJC_WEAK = YES;
				CLANG_WARN_BLOCK_CAPTURE_AUTORELEASING = YES;
				CLANG_WARN_BOOL_CONVERSION = YES;
				CLANG_WARN_COMMA = YES;
				CLANG_WARN_CONSTANT_CONVERSION = YES;
				CLANG_WARN_DEPRECATED_OBJC_IMPLEMENTATIONS = YES;
				CLANG_WARN_DIRECT_OBJC_ISA_USAGE = YES_ERROR;
				CLANG_WARN_DOCUMENTATION_COMMENTS = YES;
				CLANG_WARN_EMPTY_BODY = YES;
				CLANG_WARN_ENUM_CONVERSION = YES;
				CLANG_WARN_INFINITE_RECURSION = YES;
				CLANG_WARN_INT_CONVERSION = YES;
				CLANG_WARN_NON_LITERAL_NULL_CONVERSION = YES;
				CLANG_WARN_OBJC_IMPLICIT_RETAIN_SELF = YES;
				CLANG_WARN_OBJC_LITERAL_CONVERSION = YES;
				CLANG_WARN_OBJC_ROOT_CLASS = YES_ERROR;
				CLANG_WARN_RANGE_LOOP_ANALYSIS = YES;
				CLANG_WARN_STRICT_PROTOTYPES = YES;
				CLANG_WARN_SUSPICIOUS_MOVE = YES;
				CLANG_WARN_UNGUARDED_AVAILABILITY = YES_AGGRESSIVE;
				CLANG_WARN_UNREACHABLE_CODE = YES;
				CLANG_WARN__DUPLICATE_METHOD_MATCH = YES;
				COPY_PHASE_STRIP = NO;
				DEBUG_INFORMATION_FORMAT = dwarf;
				ENABLE_STRICT_OBJC_MSGSEND = YES;
				ENABLE_TESTABILITY = YES;
				GCC_C_LANGUAGE_STANDARD = gnu11;
				GCC_DYNAMIC_NO_PIC = NO;
				GCC_NO_COMMON_BLOCKS = YES;
				GCC_OPTIMIZATION_LEVEL = 0;
				GCC_PREPROCESSOR_DEFINITIONS = (
					"DEBUG=1",
					"$(inherited)",
				);
				GCC_WARN_64_TO_32_BIT_CONVERSION = YES;
				GCC_WARN_ABOUT_RETURN_TYPE = YES_ERROR;
				GCC_WARN_UNDECLARED_SELECTOR = YES;
				GCC_WARN_UNINITIALIZED_AUTOS = YES_AGGRESSIVE;
				GCC_WARN_UNUSED_FUNCTION = YES;
				GCC_WARN_UNUSED_VARIABLE = YES;
				IPHONEOS_DEPLOYMENT_TARGET = 13.2;
				MTL_ENABLE_DEBUG_INFO = INCLUDE_SOURCE;
				MTL_FAST_MATH = YES;
				ONLY_ACTIVE_ARCH = YES;
				SDKROOT = iphoneos;
				SWIFT_ACTIVE_COMPILATION_CONDITIONS = DEBUG;
				SWIFT_OPTIMIZATION_LEVEL = "-Onone";
			};
			name = Debug;
		};
		6E4884422461F13000ABD705 /* Release */ = {
			isa = XCBuildConfiguration;
			buildSettings = {
				ALWAYS_SEARCH_USER_PATHS = NO;
				CLANG_ANALYZER_NONNULL = YES;
				CLANG_ANALYZER_NUMBER_OBJECT_CONVERSION = YES_AGGRESSIVE;
				CLANG_CXX_LANGUAGE_STANDARD = "gnu++14";
				CLANG_CXX_LIBRARY = "libc++";
				CLANG_ENABLE_MODULES = YES;
				CLANG_ENABLE_OBJC_ARC = YES;
				CLANG_ENABLE_OBJC_WEAK = YES;
				CLANG_WARN_BLOCK_CAPTURE_AUTORELEASING = YES;
				CLANG_WARN_BOOL_CONVERSION = YES;
				CLANG_WARN_COMMA = YES;
				CLANG_WARN_CONSTANT_CONVERSION = YES;
				CLANG_WARN_DEPRECATED_OBJC_IMPLEMENTATIONS = YES;
				CLANG_WARN_DIRECT_OBJC_ISA_USAGE = YES_ERROR;
				CLANG_WARN_DOCUMENTATION_COMMENTS = YES;
				CLANG_WARN_EMPTY_BODY = YES;
				CLANG_WARN_ENUM_CONVERSION = YES;
				CLANG_WARN_INFINITE_RECURSION = YES;
				CLANG_WARN_INT_CONVERSION = YES;
				CLANG_WARN_NON_LITERAL_NULL_CONVERSION = YES;
				CLANG_WARN_OBJC_IMPLICIT_RETAIN_SELF = YES;
				CLANG_WARN_OBJC_LITERAL_CONVERSION = YES;
				CLANG_WARN_OBJC_ROOT_CLASS = YES_ERROR;
				CLANG_WARN_RANGE_LOOP_ANALYSIS = YES;
				CLANG_WARN_STRICT_PROTOTYPES = YES;
				CLANG_WARN_SUSPICIOUS_MOVE = YES;
				CLANG_WARN_UNGUARDED_AVAILABILITY = YES_AGGRESSIVE;
				CLANG_WARN_UNREACHABLE_CODE = YES;
				CLANG_WARN__DUPLICATE_METHOD_MATCH = YES;
				COPY_PHASE_STRIP = NO;
				DEBUG_INFORMATION_FORMAT = "dwarf-with-dsym";
				ENABLE_NS_ASSERTIONS = NO;
				ENABLE_STRICT_OBJC_MSGSEND = YES;
				GCC_C_LANGUAGE_STANDARD = gnu11;
				GCC_NO_COMMON_BLOCKS = YES;
				GCC_WARN_64_TO_32_BIT_CONVERSION = YES;
				GCC_WARN_ABOUT_RETURN_TYPE = YES_ERROR;
				GCC_WARN_UNDECLARED_SELECTOR = YES;
				GCC_WARN_UNINITIALIZED_AUTOS = YES_AGGRESSIVE;
				GCC_WARN_UNUSED_FUNCTION = YES;
				GCC_WARN_UNUSED_VARIABLE = YES;
				IPHONEOS_DEPLOYMENT_TARGET = 13.2;
				MTL_ENABLE_DEBUG_INFO = NO;
				MTL_FAST_MATH = YES;
				SDKROOT = iphoneos;
				SWIFT_COMPILATION_MODE = wholemodule;
				SWIFT_OPTIMIZATION_LEVEL = "-O";
				VALIDATE_PRODUCT = YES;
			};
			name = Release;
		};
		6E4884442461F13000ABD705 /* Debug */ = {
			isa = XCBuildConfiguration;
			baseConfigurationReference = C9B4977E118D4B789D244AB2 /* Pods-BitTrader.debug.xcconfig */;
			buildSettings = {
				ALWAYS_EMBED_SWIFT_STANDARD_LIBRARIES = YES;
				ASSETCATALOG_COMPILER_APPICON_NAME = AppIcon;
				CODE_SIGN_STYLE = Automatic;
				INFOPLIST_FILE = BitTrader/Info.plist;
				IPHONEOS_DEPLOYMENT_TARGET = 14.1;
				LD_RUNPATH_SEARCH_PATHS = (
					"$(inherited)",
					"@executable_path/Frameworks",
				);
				PRODUCT_BUNDLE_IDENTIFIER = tarabanovigor.BitTrader;
				PRODUCT_NAME = "$(TARGET_NAME)";
				SWIFT_VERSION = 5.0;
				TARGETED_DEVICE_FAMILY = "1,2";
			};
			name = Debug;
		};
		6E4884452461F13000ABD705 /* Release */ = {
			isa = XCBuildConfiguration;
			baseConfigurationReference = 65A41C62961F0AC97BDCB8A6 /* Pods-BitTrader.release.xcconfig */;
			buildSettings = {
				ALWAYS_EMBED_SWIFT_STANDARD_LIBRARIES = YES;
				ASSETCATALOG_COMPILER_APPICON_NAME = AppIcon;
				CODE_SIGN_STYLE = Automatic;
				INFOPLIST_FILE = BitTrader/Info.plist;
				IPHONEOS_DEPLOYMENT_TARGET = 14.1;
				LD_RUNPATH_SEARCH_PATHS = (
					"$(inherited)",
					"@executable_path/Frameworks",
				);
				PRODUCT_BUNDLE_IDENTIFIER = tarabanovigor.BitTrader;
				PRODUCT_NAME = "$(TARGET_NAME)";
				SWIFT_VERSION = 5.0;
				TARGETED_DEVICE_FAMILY = "1,2";
			};
			name = Release;
		};
		CEAF910326511C3C00FD0D9B /* Debug */ = {
			isa = XCBuildConfiguration;
			baseConfigurationReference = CB84B9BA6617AF5F8031E00E /* Pods-BitTraderWidgetExtensionExtension.debug.xcconfig */;
			buildSettings = {
				ASSETCATALOG_COMPILER_GLOBAL_ACCENT_COLOR_NAME = AccentColor;
				ASSETCATALOG_COMPILER_WIDGET_BACKGROUND_COLOR_NAME = WidgetBackground;
				CLANG_WARN_QUOTED_INCLUDE_IN_FRAMEWORK_HEADER = YES;
				CODE_SIGN_STYLE = Automatic;
				INFOPLIST_FILE = BitTraderWidgetExtension/Info.plist;
				IPHONEOS_DEPLOYMENT_TARGET = 14.4;
				LD_RUNPATH_SEARCH_PATHS = (
					"$(inherited)",
					"@executable_path/Frameworks",
					"@executable_path/../../Frameworks",
				);
				PRODUCT_BUNDLE_IDENTIFIER = tarabanovigor.BitTrader.BitTraderWidgetExtension;
				PRODUCT_NAME = "$(TARGET_NAME)";
				SKIP_INSTALL = YES;
				SWIFT_VERSION = 5.0;
				TARGETED_DEVICE_FAMILY = "1,2";
			};
			name = Debug;
		};
		CEAF910426511C3C00FD0D9B /* Release */ = {
			isa = XCBuildConfiguration;
			baseConfigurationReference = 221A756FC366AC026E16C285 /* Pods-BitTraderWidgetExtensionExtension.release.xcconfig */;
			buildSettings = {
				ASSETCATALOG_COMPILER_GLOBAL_ACCENT_COLOR_NAME = AccentColor;
				ASSETCATALOG_COMPILER_WIDGET_BACKGROUND_COLOR_NAME = WidgetBackground;
				CLANG_WARN_QUOTED_INCLUDE_IN_FRAMEWORK_HEADER = YES;
				CODE_SIGN_STYLE = Automatic;
				INFOPLIST_FILE = BitTraderWidgetExtension/Info.plist;
				IPHONEOS_DEPLOYMENT_TARGET = 14.4;
				LD_RUNPATH_SEARCH_PATHS = (
					"$(inherited)",
					"@executable_path/Frameworks",
					"@executable_path/../../Frameworks",
				);
				PRODUCT_BUNDLE_IDENTIFIER = tarabanovigor.BitTrader.BitTraderWidgetExtension;
				PRODUCT_NAME = "$(TARGET_NAME)";
				SKIP_INSTALL = YES;
				SWIFT_VERSION = 5.0;
				TARGETED_DEVICE_FAMILY = "1,2";
			};
			name = Release;
		};
/* End XCBuildConfiguration section */

/* Begin XCConfigurationList section */
		6E48842A2461F12800ABD705 /* Build configuration list for PBXProject "BitTrader" */ = {
			isa = XCConfigurationList;
			buildConfigurations = (
				6E4884412461F13000ABD705 /* Debug */,
				6E4884422461F13000ABD705 /* Release */,
			);
			defaultConfigurationIsVisible = 0;
			defaultConfigurationName = Release;
		};
		6E4884432461F13000ABD705 /* Build configuration list for PBXNativeTarget "BitTrader" */ = {
			isa = XCConfigurationList;
			buildConfigurations = (
				6E4884442461F13000ABD705 /* Debug */,
				6E4884452461F13000ABD705 /* Release */,
			);
			defaultConfigurationIsVisible = 0;
			defaultConfigurationName = Release;
		};
		CEAF910226511C3C00FD0D9B /* Build configuration list for PBXNativeTarget "BitTraderWidgetExtensionExtension" */ = {
			isa = XCConfigurationList;
			buildConfigurations = (
				CEAF910326511C3C00FD0D9B /* Debug */,
				CEAF910426511C3C00FD0D9B /* Release */,
			);
			defaultConfigurationIsVisible = 0;
			defaultConfigurationName = Release;
		};
/* End XCConfigurationList section */
	};
	rootObject = 6E4884272461F12800ABD705 /* Project object */;
}
